// !$*UTF8*$!
{archiveVersion = 1; classes = {}; objectVersion = 56; objects = {
791E6453B02A8D0E0513360E = {isa = PBXFileReference; lastKnownFileType = sourcecode.swift; path = "Sources/Core/CitiesConfiguration.swift"; sourceTree = SOURCE_ROOT;};
6F84A5AE17D37F53B426796C = {isa = PBXFileReference; lastKnownFileType = sourcecode.swift; path = "Sources/Core/EarthMoonLayout.swift"; sourceTree = SOURCE_ROOT;};
8FC7F9C5D5CFA32EF705DDD6 = {isa = PBXFileReference; lastKnownFileType = sourcecode.swift; path = "Sources/Core/Geometry.swift"; sourceTree = SOURCE_ROOT;};
2A51AE01AD4FEA6DB596D59F = {isa = PBXFileReference; lastKnownFileType = sourcecode.swift; path = "Sources/Core/LunarAppearanceCalculator.swift"; sourceTree = SOURCE_ROOT;};
DD6BFA18A5135C71AFDB5B83 = {isa = PBXFileReference; lastKnownFileType = sourcecode.swift; path = "Sources/Core/ObserverLocation.swift"; sourceTree = SOURCE_ROOT;};
77C29529A52D225D2C5FAFE3 = {isa = PBXFileReference; lastKnownFileType = sourcecode.swift; path = "Sources/Core/SceneConfiguration.swift"; sourceTree = SOURCE_ROOT;};
8FF7F82F7C994C652BC3EF0D = {isa = PBXFileReference; lastKnownFileType = sourcecode.swift; path = "Sources/Core/SolarPositionCalculator.swift"; sourceTree = SOURCE_ROOT;};
3BF1E90A823B5E0D05256950 = {isa = PBXFileReference; lastKnownFileType = sourcecode.swift; path = "Sources/Core/SystemCityCatalog.swift"; sourceTree = SOURCE_ROOT;};
9D08C05F94135487DBCF0063 = {isa = PBXFileReference; lastKnownFileType = sourcecode.swift; path = "Sources/Rendering/EarthRenderer.swift"; sourceTree = SOURCE_ROOT;};
42E992AB624143082D4DAF7F = {isa = PBXFileReference; lastKnownFileType = sourcecode.swift; path = "Sources/Rendering/EarthSceneView.swift"; sourceTree = SOURCE_ROOT;};
3FF87163B2D6F63799BE0F21 = {isa = PBXFileReference; lastKnownFileType = sourcecode.swift; path = "Sources/Rendering/SceneAssets.swift"; sourceTree = SOURCE_ROOT;};
25EA1436F6BDAF0E117A72EE = {isa = PBXFileReference; lastKnownFileType = sourcecode.swift; path = "Sources/UI/AnalogClock.swift"; sourceTree = SOURCE_ROOT;};
F337403CC888BE0EA8290D50 = {isa = PBXFileReference; lastKnownFileType = sourcecode.swift; path = "Sources/UI/CityOverlayView.swift"; sourceTree = SOURCE_ROOT;};
C5FF63021EC814B57B9350FC = {isa = PBXFileReference; lastKnownFileType = sourcecode.c.c; path = "Sources/AstronomyC/astronomy.c"; sourceTree = SOURCE_ROOT;};
26EE9C55F173CC9D03FE3ECC = {isa = PBXFileReference; lastKnownFileType = sourcecode.swift; path = "Sources/Preview/DebugControls.swift"; sourceTree = SOURCE_ROOT;};
01542BE1FDE0C1E1379DA80F = {isa = PBXFileReference; lastKnownFileType = sourcecode.swift; path = "Sources/Preview/PreviewApp.swift"; sourceTree = SOURCE_ROOT;};
D3161B5512906D281BA15C49 = {isa = PBXFileReference; lastKnownFileType = sourcecode.swift; path = "Sources/Preview/PreviewToolbar.swift"; sourceTree = SOURCE_ROOT;};
37E62E808D857863BA24E89F = {isa = PBXFileReference; lastKnownFileType = sourcecode.swift; path = "Sources/Screensaver/TerraScreenSaverView.swift"; sourceTree = SOURCE_ROOT;};
71BC7E4857A91285145A5CFD = {isa = PBXFileReference; lastKnownFileType = sourcecode.swift; path = "Tests/TerraCoreTests.swift"; sourceTree = SOURCE_ROOT;};
0F322A10EE7D89C8854B2C46 = {isa = PBXFileReference; lastKnownFileType = text; path = "Resources/Scene.metal"; sourceTree = SOURCE_ROOT;};
E9A28BD0C6CAA13B17BC0B19 = {isa = PBXFileReference; lastKnownFileType = text; path = "Resources/ThirdParty.txt"; sourceTree = SOURCE_ROOT;};
9912F0E6B5D3A2B17AE281B0 = {isa = PBXFileReference; lastKnownFileType = image.jpeg; path = "Resources/earth-clouds.jpg"; sourceTree = SOURCE_ROOT;};
25A2DE8ABF856E0BF613C3B0 = {isa = PBXFileReference; lastKnownFileType = image.jpeg; path = "Resources/earth-day.jpg"; sourceTree = SOURCE_ROOT;};
6EF0033D7C57AD881E46915A = {isa = PBXFileReference; lastKnownFileType = image.jpeg; path = "Resources/earth-night.jpg"; sourceTree = SOURCE_ROOT;};
8FF4775CF07F0CCD4B77A5EC = {isa = PBXFileReference; lastKnownFileType = image.jpeg; path = "Resources/milky-way.jpg"; sourceTree = SOURCE_ROOT;};
2BA4652FEAABEE6446D9708A = {isa = PBXFileReference; lastKnownFileType = image.jpeg; path = "Resources/moon.jpg"; sourceTree = SOURCE_ROOT;};
BCE16DD0260827ECF338C787 = {isa = PBXGroup; name = Sources; children = (791E6453B02A8D0E0513360E, 6F84A5AE17D37F53B426796C, 8FC7F9C5D5CFA32EF705DDD6, 2A51AE01AD4FEA6DB596D59F, DD6BFA18A5135C71AFDB5B83, 77C29529A52D225D2C5FAFE3, 8FF7F82F7C994C652BC3EF0D, 3BF1E90A823B5E0D05256950, 9D08C05F94135487DBCF0063, 42E992AB624143082D4DAF7F, 3FF87163B2D6F63799BE0F21, 25EA1436F6BDAF0E117A72EE, F337403CC888BE0EA8290D50, C5FF63021EC814B57B9350FC, 26EE9C55F173CC9D03FE3ECC, 01542BE1FDE0C1E1379DA80F, D3161B5512906D281BA15C49, 37E62E808D857863BA24E89F, 71BC7E4857A91285145A5CFD,); sourceTree = "<group>";};
3685E330EC5277A9DD5661C6 = {isa = PBXGroup; name = Resources; children = (0F322A10EE7D89C8854B2C46, E9A28BD0C6CAA13B17BC0B19, 9912F0E6B5D3A2B17AE281B0, 25A2DE8ABF856E0BF613C3B0, 6EF0033D7C57AD881E46915A, 8FF4775CF07F0CCD4B77A5EC, 2BA4652FEAABEE6446D9708A,); sourceTree = "<group>";};
EFF99545E6C67E0F5052ADC9 = {isa = PBXFileReference; explicitFileType = wrapper.application; path = "Terra Preview.app"; sourceTree = BUILT_PRODUCTS_DIR;};
C9AFCDC1F53A0D0D6FEEF2BC = {isa = PBXBuildFile; fileRef = 791E6453B02A8D0E0513360E;};
35424AE3C44711413A269B9D = {isa = PBXBuildFile; fileRef = 6F84A5AE17D37F53B426796C;};
A25E91000C283987E94FE5F0 = {isa = PBXBuildFile; fileRef = 8FC7F9C5D5CFA32EF705DDD6;};
654418CD58A38FF2BA037322 = {isa = PBXBuildFile; fileRef = 2A51AE01AD4FEA6DB596D59F;};
3CCCEAAE23E9A4DB51794C8B = {isa = PBXBuildFile; fileRef = DD6BFA18A5135C71AFDB5B83;};
FC045CAEEC95196E1D67C18D = {isa = PBXBuildFile; fileRef = 77C29529A52D225D2C5FAFE3;};
276CD2A7E54B082772D7C47E = {isa = PBXBuildFile; fileRef = 8FF7F82F7C994C652BC3EF0D;};
0C4E2FDB9B2F92A4C3A84052 = {isa = PBXBuildFile; fileRef = 3BF1E90A823B5E0D05256950;};
93805F15ECD30429E0A0BC7B = {isa = PBXBuildFile; fileRef = 9D08C05F94135487DBCF0063;};
B6A1271AEE2B1288ECA76368 = {isa = PBXBuildFile; fileRef = 42E992AB624143082D4DAF7F;};
E6F224A3B941781D75AD383D = {isa = PBXBuildFile; fileRef = 3FF87163B2D6F63799BE0F21;};
2DD10989D13AC25E43BCF668 = {isa = PBXBuildFile; fileRef = 25EA1436F6BDAF0E117A72EE;};
971E89A8571CA22FC2431FAF = {isa = PBXBuildFile; fileRef = F337403CC888BE0EA8290D50;};
8A06310B7376462FAF6D3B04 = {isa = PBXBuildFile; fileRef = C5FF63021EC814B57B9350FC;};
C425F1322B3F2BD8F029F2D1 = {isa = PBXBuildFile; fileRef = 26EE9C55F173CC9D03FE3ECC;};
689258DECBB15117BF3C5FE2 = {isa = PBXBuildFile; fileRef = 01542BE1FDE0C1E1379DA80F;};
93C3A39319F4ECBEAB8841A3 = {isa = PBXBuildFile; fileRef = D3161B5512906D281BA15C49;};
4D0775C42ADB518C1CA04BF3 = {isa = PBXSourcesBuildPhase; buildActionMask = 2147483647; files = (C9AFCDC1F53A0D0D6FEEF2BC, 35424AE3C44711413A269B9D, A25E91000C283987E94FE5F0, 654418CD58A38FF2BA037322, 3CCCEAAE23E9A4DB51794C8B, FC045CAEEC95196E1D67C18D, 276CD2A7E54B082772D7C47E, 0C4E2FDB9B2F92A4C3A84052, 93805F15ECD30429E0A0BC7B, B6A1271AEE2B1288ECA76368, E6F224A3B941781D75AD383D, 2DD10989D13AC25E43BCF668, 971E89A8571CA22FC2431FAF, 8A06310B7376462FAF6D3B04, C425F1322B3F2BD8F029F2D1, 689258DECBB15117BF3C5FE2, 93C3A39319F4ECBEAB8841A3,); runOnlyForDeploymentPostprocessing = 0;};
9DA29B848653BCE6DE75A506 = {isa = PBXBuildFile; fileRef = 0F322A10EE7D89C8854B2C46;};
1D1C2BC2B16212CDC114DBA1 = {isa = PBXBuildFile; fileRef = E9A28BD0C6CAA13B17BC0B19;};
03013323204D61C392720A51 = {isa = PBXBuildFile; fileRef = 9912F0E6B5D3A2B17AE281B0;};
3C7BDA0F869F1217AFF3D958 = {isa = PBXBuildFile; fileRef = 25A2DE8ABF856E0BF613C3B0;};
EE5A48F5A08F92DBDEC420B2 = {isa = PBXBuildFile; fileRef = 6EF0033D7C57AD881E46915A;};
CBE8F4C30C8A0BD58E70968C = {isa = PBXBuildFile; fileRef = 8FF4775CF07F0CCD4B77A5EC;};
F06B5DB1A42FF9C185916092 = {isa = PBXBuildFile; fileRef = 2BA4652FEAABEE6446D9708A;};
CBFE2A07F14915809952728B = {isa = PBXResourcesBuildPhase; buildActionMask = 2147483647; files = (9DA29B848653BCE6DE75A506, 1D1C2BC2B16212CDC114DBA1, 03013323204D61C392720A51, 3C7BDA0F869F1217AFF3D958, EE5A48F5A08F92DBDEC420B2, CBE8F4C30C8A0BD58E70968C, F06B5DB1A42FF9C185916092,); runOnlyForDeploymentPostprocessing = 0;};
7174FF6B80FCF198FC0EBE0C = {isa = XCBuildConfiguration; name = Debug; buildSettings = {MACOSX_DEPLOYMENT_TARGET = "13.0"; SDKROOT = "macosx"; SWIFT_VERSION = "5.0"; CLANG_ENABLE_MODULES = "YES"; CODE_SIGN_IDENTITY = "-"; CODE_SIGN_STYLE = "Manual"; DEVELOPMENT_TEAM = ""; COMBINE_HIDPI_IMAGES = "YES"; GENERATE_INFOPLIST_FILE = "YES"; CURRENT_PROJECT_VERSION = "1"; MARKETING_VERSION = "1.0"; HEADER_SEARCH_PATHS = "$(SRCROOT)/Sources/AstronomyC/include"; SWIFT_INCLUDE_PATHS = "$(SRCROOT)/Sources/AstronomyC/include"; ENABLE_HARDENED_RUNTIME = "NO"; SWIFT_EMIT_LOC_STRINGS = "NO"; PRODUCT_BUNDLE_IDENTIFIER = "studio.terra.preview"; PRODUCT_NAME = "Terra Preview"; PRODUCT_MODULE_NAME = "TerraPreview"; INFOPLIST_KEY_NSHighResolutionCapable = "YES"; SWIFT_OPTIMIZATION_LEVEL = "-Onone"; DEBUG_INFORMATION_FORMAT = "dwarf"; ENABLE_TESTABILITY = "YES";};};
4C031B6D152A058CAB1B4355 = {isa = XCBuildConfiguration; name = Release; buildSettings = {MACOSX_DEPLOYMENT_TARGET = "13.0"; SDKROOT = "macosx"; SWIFT_VERSION = "5.0"; CLANG_ENABLE_MODULES = "YES"; CODE_SIGN_IDENTITY = "-"; CODE_SIGN_STYLE = "Manual"; DEVELOPMENT_TEAM = ""; COMBINE_HIDPI_IMAGES = "YES"; GENERATE_INFOPLIST_FILE = "YES"; CURRENT_PROJECT_VERSION = "1"; MARKETING_VERSION = "1.0"; HEADER_SEARCH_PATHS = "$(SRCROOT)/Sources/AstronomyC/include"; SWIFT_INCLUDE_PATHS = "$(SRCROOT)/Sources/AstronomyC/include"; ENABLE_HARDENED_RUNTIME = "NO"; SWIFT_EMIT_LOC_STRINGS = "NO"; PRODUCT_BUNDLE_IDENTIFIER = "studio.terra.preview"; PRODUCT_NAME = "Terra Preview"; PRODUCT_MODULE_NAME = "TerraPreview"; INFOPLIST_KEY_NSHighResolutionCapable = "YES"; SWIFT_OPTIMIZATION_LEVEL = "-O"; DEBUG_INFORMATION_FORMAT = "dwarf-with-dsym";};};
196FFB7961F11E35075BBA52 = {isa = XCConfigurationList; buildConfigurations = (7174FF6B80FCF198FC0EBE0C, 4C031B6D152A058CAB1B4355,); defaultConfigurationIsVisible = 0; defaultConfigurationName = Release;};
2A3E8B844FD44EFFAAC816A0 = {isa = PBXNativeTarget; name = TerraPreview; productName = "Terra Preview.app"; productReference = EFF99545E6C67E0F5052ADC9; productType = "com.apple.product-type.application"; buildConfigurationList = 196FFB7961F11E35075BBA52; buildPhases = (4D0775C42ADB518C1CA04BF3, CBFE2A07F14915809952728B,); buildRules = (); dependencies = ();};
BE836F81AB05A817C7F5B87E = {isa = PBXFileReference; explicitFileType = wrapper.cfbundle; path = "Terra.saver"; sourceTree = BUILT_PRODUCTS_DIR;};
CCC5D4B4253F70B45DFB6F8E = {isa = PBXBuildFile; fileRef = 791E6453B02A8D0E0513360E;};
FF3F342ECE9C43CD9D3BA67D = {isa = PBXBuildFile; fileRef = 6F84A5AE17D37F53B426796C;};
25D8E926DE01819D2BC9C08D = {isa = PBXBuildFile; fileRef = 8FC7F9C5D5CFA32EF705DDD6;};
0DBCC6B039CCD56AAC0F111C = {isa = PBXBuildFile; fileRef = 2A51AE01AD4FEA6DB596D59F;};
2B5CA25CBB0BFE9B4DE52C0B = {isa = PBXBuildFile; fileRef = DD6BFA18A5135C71AFDB5B83;};
B27730B035257BDAD1409604 = {isa = PBXBuildFile; fileRef = 77C29529A52D225D2C5FAFE3;};
5D5B177FFDE3C3E5F6ACB695 = {isa = PBXBuildFile; fileRef = 8FF7F82F7C994C652BC3EF0D;};
A98F0392BF80F68EFC36B5EC = {isa = PBXBuildFile; fileRef = 3BF1E90A823B5E0D05256950;};
E669ECE3C4936B19EF3A4EEC = {isa = PBXBuildFile; fileRef = 9D08C05F94135487DBCF0063;};
79C0D5C80131CFBDB32FA2F0 = {isa = PBXBuildFile; fileRef = 42E992AB624143082D4DAF7F;};
6EF527EF85EAB4F7A4A49BEA = {isa = PBXBuildFile; fileRef = 3FF87163B2D6F63799BE0F21;};
1E4788655FD330C80DE9CD20 = {isa = PBXBuildFile; fileRef = 25EA1436F6BDAF0E117A72EE;};
37A89EAC7B767369BB12B613 = {isa = PBXBuildFile; fileRef = F337403CC888BE0EA8290D50;};
A3948FD8D8773F9C499456D0 = {isa = PBXBuildFile; fileRef = C5FF63021EC814B57B9350FC;};
49F15AFDDA8132A16998A22F = {isa = PBXBuildFile; fileRef = 37E62E808D857863BA24E89F;};
8CA3F44C5AD645E81669363F = {isa = PBXSourcesBuildPhase; buildActionMask = 2147483647; files = (CCC5D4B4253F70B45DFB6F8E, FF3F342ECE9C43CD9D3BA67D, 25D8E926DE01819D2BC9C08D, 0DBCC6B039CCD56AAC0F111C, 2B5CA25CBB0BFE9B4DE52C0B, B27730B035257BDAD1409604, 5D5B177FFDE3C3E5F6ACB695, A98F0392BF80F68EFC36B5EC, E669ECE3C4936B19EF3A4EEC, 79C0D5C80131CFBDB32FA2F0, 6EF527EF85EAB4F7A4A49BEA, 1E4788655FD330C80DE9CD20, 37A89EAC7B767369BB12B613, A3948FD8D8773F9C499456D0, 49F15AFDDA8132A16998A22F,); runOnlyForDeploymentPostprocessing = 0;};
7A9F2170B33517E09D93B6C4 = {isa = PBXBuildFile; fileRef = 0F322A10EE7D89C8854B2C46;};
45A03E3CB33BB8665211B013 = {isa = PBXBuildFile; fileRef = E9A28BD0C6CAA13B17BC0B19;};
E058698D1CBFC2D53F589848 = {isa = PBXBuildFile; fileRef = 9912F0E6B5D3A2B17AE281B0;};
2EA7D4A850F4625BB6ADAAB9 = {isa = PBXBuildFile; fileRef = 25A2DE8ABF856E0BF613C3B0;};
C32790F53CE2AAD7067BD049 = {isa = PBXBuildFile; fileRef = 6EF0033D7C57AD881E46915A;};
4854FC2D14327BD3311E6AAA = {isa = PBXBuildFile; fileRef = 8FF4775CF07F0CCD4B77A5EC;};
A4D72230ECB6515B11EA4008 = {isa = PBXBuildFile; fileRef = 2BA4652FEAABEE6446D9708A;};
AD45C53676763898FB6D3B81 = {isa = PBXResourcesBuildPhase; buildActionMask = 2147483647; files = (7A9F2170B33517E09D93B6C4, 45A03E3CB33BB8665211B013, E058698D1CBFC2D53F589848, 2EA7D4A850F4625BB6ADAAB9, C32790F53CE2AAD7067BD049, 4854FC2D14327BD3311E6AAA, A4D72230ECB6515B11EA4008,); runOnlyForDeploymentPostprocessing = 0;};
583CF4C794C52B8C3D149E68 = {isa = XCBuildConfiguration; name = Debug; buildSettings = {MACOSX_DEPLOYMENT_TARGET = "13.0"; SDKROOT = "macosx"; SWIFT_VERSION = "5.0"; CLANG_ENABLE_MODULES = "YES"; CODE_SIGN_IDENTITY = "-"; CODE_SIGN_STYLE = "Manual"; DEVELOPMENT_TEAM = ""; COMBINE_HIDPI_IMAGES = "YES"; GENERATE_INFOPLIST_FILE = "YES"; CURRENT_PROJECT_VERSION = "1"; MARKETING_VERSION = "1.0"; HEADER_SEARCH_PATHS = "$(SRCROOT)/Sources/AstronomyC/include"; SWIFT_INCLUDE_PATHS = "$(SRCROOT)/Sources/AstronomyC/include"; ENABLE_HARDENED_RUNTIME = "NO"; SWIFT_EMIT_LOC_STRINGS = "NO"; PRODUCT_BUNDLE_IDENTIFIER = "studio.terra.screensaver"; PRODUCT_NAME = "Terra"; PRODUCT_MODULE_NAME = "TerraSaver"; WRAPPER_EXTENSION = "saver"; MACH_O_TYPE = "mh_bundle"; INFOPLIST_KEY_NSPrincipalClass = "TerraScreenSaverView"; SKIP_INSTALL = "YES"; SWIFT_OPTIMIZATION_LEVEL = "-Onone"; DEBUG_INFORMATION_FORMAT = "dwarf"; ENABLE_TESTABILITY = "YES";};};
89A2902ECDE4942F84798260 = {isa = XCBuildConfiguration; name = Release; buildSettings = {MACOSX_DEPLOYMENT_TARGET = "13.0"; SDKROOT = "macosx"; SWIFT_VERSION = "5.0"; CLANG_ENABLE_MODULES = "YES"; CODE_SIGN_IDENTITY = "-"; CODE_SIGN_STYLE = "Manual"; DEVELOPMENT_TEAM = ""; COMBINE_HIDPI_IMAGES = "YES"; GENERATE_INFOPLIST_FILE = "YES"; CURRENT_PROJECT_VERSION = "1"; MARKETING_VERSION = "1.0"; HEADER_SEARCH_PATHS = "$(SRCROOT)/Sources/AstronomyC/include"; SWIFT_INCLUDE_PATHS = "$(SRCROOT)/Sources/AstronomyC/include"; ENABLE_HARDENED_RUNTIME = "NO"; SWIFT_EMIT_LOC_STRINGS = "NO"; PRODUCT_BUNDLE_IDENTIFIER = "studio.terra.screensaver"; PRODUCT_NAME = "Terra"; PRODUCT_MODULE_NAME = "TerraSaver"; WRAPPER_EXTENSION = "saver"; MACH_O_TYPE = "mh_bundle"; INFOPLIST_KEY_NSPrincipalClass = "TerraScreenSaverView"; SKIP_INSTALL = "YES"; SWIFT_OPTIMIZATION_LEVEL = "-O"; DEBUG_INFORMATION_FORMAT = "dwarf-with-dsym";};};
E7BAE656F80E12E70FE540B9 = {isa = XCConfigurationList; buildConfigurations = (583CF4C794C52B8C3D149E68, 89A2902ECDE4942F84798260,); defaultConfigurationIsVisible = 0; defaultConfigurationName = Release;};
72C61B58D1480EFB608F61B2 = {isa = PBXNativeTarget; name = TerraSaver; productName = "Terra.saver"; productReference = BE836F81AB05A817C7F5B87E; productType = "com.apple.product-type.bundle"; buildConfigurationList = E7BAE656F80E12E70FE540B9; buildPhases = (8CA3F44C5AD645E81669363F, AD45C53676763898FB6D3B81,); buildRules = (); dependencies = ();};
A702823017D40FB9775643EA = {isa = PBXFileReference; explicitFileType = wrapper.cfbundle; path = "TerraCoreTests.xctest"; sourceTree = BUILT_PRODUCTS_DIR;};
0416061BA8AE9008AEDEA30F = {isa = PBXBuildFile; fileRef = 791E6453B02A8D0E0513360E;};
BC49805EBB5F1A3275C6A55D = {isa = PBXBuildFile; fileRef = 6F84A5AE17D37F53B426796C;};
534A23BA53D8DC51A0C846DD = {isa = PBXBuildFile; fileRef = 8FC7F9C5D5CFA32EF705DDD6;};
5A0F0B21150BF98DFE6B8D81 = {isa = PBXBuildFile; fileRef = 2A51AE01AD4FEA6DB596D59F;};
D2E40ED3B192488DED8E6D0E = {isa = PBXBuildFile; fileRef = DD6BFA18A5135C71AFDB5B83;};
78B8D72D41568A43F31CAC05 = {isa = PBXBuildFile; fileRef = 77C29529A52D225D2C5FAFE3;};
D3FFEFD9A5C40B631479267D = {isa = PBXBuildFile; fileRef = 8FF7F82F7C994C652BC3EF0D;};
C74FF72616B0CB88606CBD68 = {isa = PBXBuildFile; fileRef = 3BF1E90A823B5E0D05256950;};
217BA507BE3A9A32A0061450 = {isa = PBXBuildFile; fileRef = C5FF63021EC814B57B9350FC;};
B4C2DA2F779203023B94EFFB = {isa = PBXBuildFile; fileRef = 71BC7E4857A91285145A5CFD;};
28EA0CB6A65ADCAD2360BA70 = {isa = PBXSourcesBuildPhase; buildActionMask = 2147483647; files = (0416061BA8AE9008AEDEA30F, BC49805EBB5F1A3275C6A55D, 534A23BA53D8DC51A0C846DD, 5A0F0B21150BF98DFE6B8D81, D2E40ED3B192488DED8E6D0E, 78B8D72D41568A43F31CAC05, D3FFEFD9A5C40B631479267D, C74FF72616B0CB88606CBD68, 217BA507BE3A9A32A0061450, B4C2DA2F779203023B94EFFB,); runOnlyForDeploymentPostprocessing = 0;};
925EA3800BFE5FBFCA8B7066 = {isa = PBXResourcesBuildPhase; buildActionMask = 2147483647; files = (); runOnlyForDeploymentPostprocessing = 0;};
711E2FB8213F7A10AC4C815D = {isa = XCBuildConfiguration; name = Debug; buildSettings = {MACOSX_DEPLOYMENT_TARGET = "13.0"; SDKROOT = "macosx"; SWIFT_VERSION = "5.0"; CLANG_ENABLE_MODULES = "YES"; CODE_SIGN_IDENTITY = "-"; CODE_SIGN_STYLE = "Manual"; DEVELOPMENT_TEAM = ""; COMBINE_HIDPI_IMAGES = "YES"; GENERATE_INFOPLIST_FILE = "YES"; CURRENT_PROJECT_VERSION = "1"; MARKETING_VERSION = "1.0"; HEADER_SEARCH_PATHS = "$(SRCROOT)/Sources/AstronomyC/include"; SWIFT_INCLUDE_PATHS = "$(SRCROOT)/Sources/AstronomyC/include"; ENABLE_HARDENED_RUNTIME = "NO"; SWIFT_EMIT_LOC_STRINGS = "NO"; PRODUCT_BUNDLE_IDENTIFIER = "studio.terra.tests"; PRODUCT_NAME = "TerraCoreTests"; PRODUCT_MODULE_NAME = "TerraCoreTests"; TEST_HOST = ""; BUNDLE_LOADER = ""; LD_RUNPATH_SEARCH_PATHS = "$(inherited) @loader_path/../Frameworks"; SWIFT_OPTIMIZATION_LEVEL = "-Onone"; DEBUG_INFORMATION_FORMAT = "dwarf"; ENABLE_TESTABILITY = "YES";};};
2FAB36387C38C3BD938602F6 = {isa = XCBuildConfiguration; name = Release; buildSettings = {MACOSX_DEPLOYMENT_TARGET = "13.0"; SDKROOT = "macosx"; SWIFT_VERSION = "5.0"; CLANG_ENABLE_MODULES = "YES"; CODE_SIGN_IDENTITY = "-"; CODE_SIGN_STYLE = "Manual"; DEVELOPMENT_TEAM = ""; COMBINE_HIDPI_IMAGES = "YES"; GENERATE_INFOPLIST_FILE = "YES"; CURRENT_PROJECT_VERSION = "1"; MARKETING_VERSION = "1.0"; HEADER_SEARCH_PATHS = "$(SRCROOT)/Sources/AstronomyC/include"; SWIFT_INCLUDE_PATHS = "$(SRCROOT)/Sources/AstronomyC/include"; ENABLE_HARDENED_RUNTIME = "NO"; SWIFT_EMIT_LOC_STRINGS = "NO"; PRODUCT_BUNDLE_IDENTIFIER = "studio.terra.tests"; PRODUCT_NAME = "TerraCoreTests"; PRODUCT_MODULE_NAME = "TerraCoreTests"; TEST_HOST = ""; BUNDLE_LOADER = ""; LD_RUNPATH_SEARCH_PATHS = "$(inherited) @loader_path/../Frameworks"; SWIFT_OPTIMIZATION_LEVEL = "-O"; DEBUG_INFORMATION_FORMAT = "dwarf-with-dsym";};};
374C5C79F04D4119D672ED37 = {isa = XCConfigurationList; buildConfigurations = (711E2FB8213F7A10AC4C815D, 2FAB36387C38C3BD938602F6,); defaultConfigurationIsVisible = 0; defaultConfigurationName = Release;};
5AA2F62E4F22455AD1CC6B66 = {isa = PBXNativeTarget; name = TerraCoreTests; productName = "TerraCoreTests.xctest"; productReference = A702823017D40FB9775643EA; productType = "com.apple.product-type.bundle.unit-test"; buildConfigurationList = 374C5C79F04D4119D672ED37; buildPhases = (28EA0CB6A65ADCAD2360BA70, 925EA3800BFE5FBFCA8B7066,); buildRules = (); dependencies = ();};
FBDC4F23F93125BBEEAE800C = {isa = PBXGroup; name = Products; children = (EFF99545E6C67E0F5052ADC9, BE836F81AB05A817C7F5B87E, A702823017D40FB9775643EA,); sourceTree = "<group>";};
B28B7AF69320201D1CF206EB = {isa = PBXGroup; children = (BCE16DD0260827ECF338C787, 3685E330EC5277A9DD5661C6, FBDC4F23F93125BBEEAE800C,); sourceTree = "<group>";};
89E1FD6268CC0F221A2BE178 = {isa = XCBuildConfiguration; name = Debug; buildSettings = {SWIFT_OPTIMIZATION_LEVEL = "-Onone"; DEBUG_INFORMATION_FORMAT = "dwarf"; ENABLE_TESTABILITY = "YES";};};
E6DE6C99132752C914FEF632 = {isa = XCBuildConfiguration; name = Release; buildSettings = {SWIFT_OPTIMIZATION_LEVEL = "-O"; DEBUG_INFORMATION_FORMAT = "dwarf-with-dsym";};};
862894B703A6DEDF96A9DD6C = {isa = XCConfigurationList; buildConfigurations = (89E1FD6268CC0F221A2BE178, E6DE6C99132752C914FEF632,); defaultConfigurationIsVisible = 0; defaultConfigurationName = Release;};
98F54143AB4E86B28C3AFEE0 = {isa = PBXProject; attributes = {LastUpgradeCheck = 2600;}; buildConfigurationList = 862894B703A6DEDF96A9DD6C; compatibilityVersion = "Xcode 14.0"; developmentRegion = en; hasScannedForEncodings = 0; knownRegions = (en, Base); mainGroup = B28B7AF69320201D1CF206EB; productRefGroup = FBDC4F23F93125BBEEAE800C; projectDirPath = ""; projectRoot = ""; targets = (2A3E8B844FD44EFFAAC816A0, 72C61B58D1480EFB608F61B2, 5AA2F62E4F22455AD1CC6B66,);};
}; rootObject = 98F54143AB4E86B28C3AFEE0;}
